version: 6
environments:
  default:
    channels:
    - url: https://conda.anaconda.org/conda-forge/
    packages:
      osx-arm64:
      - conda: https://conda.anaconda.org/conda-forge/osx-arm64/brotli-1.1.0-hd74edd7_2.conda
      - conda: https://conda.anaconda.org/conda-forge/osx-arm64/brotli-bin-1.1.0-hd74edd7_2.conda
      - conda: https://conda.anaconda.org/conda-forge/osx-arm64/bzip2-1.0.8-h99b78c6_7.conda
      - conda: https://conda.anaconda.org/conda-forge/noarch/ca-certificates-2025.4.26-hbd8a1cb_0.conda
      - conda: https://conda.anaconda.org/conda-forge/osx-arm64/contourpy-1.3.2-py312hb23fbb9_0.conda
      - conda: https://conda.anaconda.org/conda-forge/noarch/cycler-0.12.1-pyhd8ed1ab_1.conda
      - conda: https://conda.anaconda.org/conda-forge/osx-arm64/fonttools-4.57.0-py312h998013c_0.conda
      - conda: https://conda.anaconda.org/conda-forge/osx-arm64/freetype-2.13.3-hce30654_1.conda
      - conda: https://conda.anaconda.org/conda-forge/osx-arm64/kiwisolver-1.4.8-py312h2c4a281_0.conda
      - conda: https://conda.anaconda.org/conda-forge/osx-arm64/lcms2-2.17-h7eeda09_0.conda
      - conda: https://conda.anaconda.org/conda-forge/osx-arm64/lerc-4.0.0-hd64df32_1.conda
      - conda: https://conda.anaconda.org/conda-forge/osx-arm64/libblas-3.9.0-31_h10e41b3_openblas.conda
      - conda: https://conda.anaconda.org/conda-forge/osx-arm64/libbrotlicommon-1.1.0-hd74edd7_2.conda
      - conda: https://conda.anaconda.org/conda-forge/osx-arm64/libbrotlidec-1.1.0-hd74edd7_2.conda
      - conda: https://conda.anaconda.org/conda-forge/osx-arm64/libbrotlienc-1.1.0-hd74edd7_2.conda
      - conda: https://conda.anaconda.org/conda-forge/osx-arm64/libcblas-3.9.0-31_hb3479ef_openblas.conda
      - conda: https://conda.anaconda.org/conda-forge/osx-arm64/libcxx-20.1.4-ha82da77_0.conda
      - conda: https://conda.anaconda.org/conda-forge/osx-arm64/libdeflate-1.23-h5773f1b_0.conda
      - conda: https://conda.anaconda.org/conda-forge/osx-arm64/libexpat-2.7.0-h286801f_0.conda
      - conda: https://conda.anaconda.org/conda-forge/osx-arm64/libffi-3.4.6-h1da3d7d_1.conda
      - conda: https://conda.anaconda.org/conda-forge/osx-arm64/libfreetype-2.13.3-hce30654_1.conda
      - conda: https://conda.anaconda.org/conda-forge/osx-arm64/libfreetype6-2.13.3-h1d14073_1.conda
      - conda: https://conda.anaconda.org/conda-forge/osx-arm64/libgfortran-14.2.0-heb5dd2a_105.conda
      - conda: https://conda.anaconda.org/conda-forge/osx-arm64/libgfortran5-14.2.0-h2c44a93_105.conda
      - conda: https://conda.anaconda.org/conda-forge/osx-arm64/libjpeg-turbo-3.1.0-h5505292_0.conda
      - conda: https://conda.anaconda.org/conda-forge/osx-arm64/liblapack-3.9.0-31_hc9a63f6_openblas.conda
      - conda: https://conda.anaconda.org/conda-forge/osx-arm64/liblzma-5.8.1-h39f12f2_1.conda
      - conda: https://conda.anaconda.org/conda-forge/osx-arm64/libopenblas-0.3.29-openmp_hf332438_0.conda
      - conda: https://conda.anaconda.org/conda-forge/osx-arm64/libpng-1.6.47-h3783ad8_0.conda
      - conda: https://conda.anaconda.org/conda-forge/osx-arm64/libsqlite-3.49.1-h3f77e49_2.conda
      - conda: https://conda.anaconda.org/conda-forge/osx-arm64/libtiff-4.7.0-h551f018_4.conda
      - conda: https://conda.anaconda.org/conda-forge/osx-arm64/libwebp-base-1.5.0-h2471fea_0.conda
      - conda: https://conda.anaconda.org/conda-forge/osx-arm64/libxcb-1.17.0-hdb1d25a_0.conda
      - conda: https://conda.anaconda.org/conda-forge/osx-arm64/libzlib-1.3.1-h8359307_2.conda
      - conda: https://conda.anaconda.org/conda-forge/osx-arm64/llvm-openmp-20.1.4-hdb05f8b_0.conda
      - conda: https://conda.anaconda.org/conda-forge/osx-arm64/matplotlib-3.10.1-py312h1f38498_0.conda
      - conda: https://conda.anaconda.org/conda-forge/osx-arm64/matplotlib-base-3.10.1-py312hdbc7e53_0.conda
      - conda: https://conda.anaconda.org/conda-forge/noarch/munkres-1.1.4-pyh9f0ad1d_0.tar.bz2
      - conda: https://conda.anaconda.org/conda-forge/osx-arm64/ncurses-6.5-h5e97a16_3.conda
      - conda: https://conda.anaconda.org/conda-forge/osx-arm64/numpy-2.2.5-py312h7c1f314_0.conda
      - conda: https://conda.anaconda.org/conda-forge/osx-arm64/openjpeg-2.5.3-h8a3d83b_0.conda
      - conda: https://conda.anaconda.org/conda-forge/osx-arm64/openssl-3.5.0-h81ee809_1.conda
      - conda: https://conda.anaconda.org/conda-forge/noarch/packaging-25.0-pyh29332c3_1.conda
      - conda: https://conda.anaconda.org/conda-forge/osx-arm64/pillow-11.1.0-py312h50aef2c_0.conda
      - conda: https://conda.anaconda.org/conda-forge/osx-arm64/pthread-stubs-0.4-hd74edd7_1002.conda
      - conda: https://conda.anaconda.org/conda-forge/noarch/pyparsing-3.2.3-pyhd8ed1ab_1.conda
      - conda: https://conda.anaconda.org/conda-forge/osx-arm64/python-3.12.10-hc22306f_0_cpython.conda
      - conda: https://conda.anaconda.org/conda-forge/noarch/python-dateutil-2.9.0.post0-pyhff2d567_1.conda
      - conda: https://conda.anaconda.org/conda-forge/noarch/python_abi-3.12-7_cp312.conda
      - conda: https://conda.anaconda.org/conda-forge/osx-arm64/qhull-2020.2-h420ef59_5.conda
      - conda: https://conda.anaconda.org/conda-forge/osx-arm64/readline-8.2-h1d1bf99_2.conda
      - conda: https://conda.anaconda.org/conda-forge/noarch/six-1.17.0-pyhd8ed1ab_0.conda
      - conda: https://conda.anaconda.org/conda-forge/osx-arm64/tk-8.6.13-h5083fa2_1.conda
      - conda: https://conda.anaconda.org/conda-forge/osx-arm64/tornado-6.4.2-py312hea69d52_0.conda
      - conda: https://conda.anaconda.org/conda-forge/noarch/tzdata-2025b-h78e105d_0.conda
      - conda: https://conda.anaconda.org/conda-forge/osx-arm64/unicodedata2-16.0.0-py312hea69d52_0.conda
      - conda: https://conda.anaconda.org/conda-forge/osx-arm64/xorg-libxau-1.0.12-h5505292_0.conda
      - conda: https://conda.anaconda.org/conda-forge/osx-arm64/xorg-libxdmcp-1.1.5-hd74edd7_0.conda
      - conda: https://conda.anaconda.org/conda-forge/osx-arm64/zstd-1.5.7-h6491c7d_2.conda
packages:
- conda: https://conda.anaconda.org/conda-forge/osx-arm64/brotli-1.1.0-hd74edd7_2.conda
  sha256: a086f36ff68d6e30da625e910547f6211385246fb2474b144ac8c47c32254576
  md5: 215e3dc8f2f837906d066e7f01aa77c0
  depends:
  - __osx >=11.0
  - brotli-bin 1.1.0 hd74edd7_2
  - libbrotlidec 1.1.0 hd74edd7_2
  - libbrotlienc 1.1.0 hd74edd7_2
  arch: arm64
  platform: osx
  license: MIT
  license_family: MIT
  size: 19588
  timestamp: 1725268044856
- conda: https://conda.anaconda.org/conda-forge/osx-arm64/brotli-bin-1.1.0-hd74edd7_2.conda
  sha256: 28f1af63b49fddf58084fb94e5512ad46e9c453eb4be1d97449c67059e5b0680
  md5: b8512db2145dc3ae8d86cdc21a8d421e
  depends:
  - __osx >=11.0
  - libbrotlidec 1.1.0 hd74edd7_2
  - libbrotlienc 1.1.0 hd74edd7_2
  arch: arm64
  platform: osx
  license: MIT
  license_family: MIT
  size: 16772
  timestamp: 1725268026061
- conda: https://conda.anaconda.org/conda-forge/osx-arm64/bzip2-1.0.8-h99b78c6_7.conda
  sha256: adfa71f158cbd872a36394c56c3568e6034aa55c623634b37a4836bd036e6b91
  md5: fc6948412dbbbe9a4c9ddbbcfe0a79ab
  depends:
  - __osx >=11.0
  arch: arm64
  platform: osx
  license: bzip2-1.0.6
  license_family: BSD
  size: 122909
  timestamp: 1720974522888
- conda: https://conda.anaconda.org/conda-forge/noarch/ca-certificates-2025.4.26-hbd8a1cb_0.conda
  sha256: 2a70ed95ace8a3f8a29e6cd1476a943df294a7111dfb3e152e3478c4c889b7ac
  md5: 95db94f75ba080a22eb623590993167b
  depends:
  - __unix
  license: ISC
  size: 152283
  timestamp: 1745653616541
- conda: https://conda.anaconda.org/conda-forge/osx-arm64/contourpy-1.3.2-py312hb23fbb9_0.conda
  sha256: 39329ded9d5ea49ab230c4ecd5e7610d3c844faca05fb9385bfe76ff02cc2abd
  md5: e8108c7798046eb5b5f95cdde1bb534c
  depends:
  - __osx >=11.0
  - libcxx >=18
  - numpy >=1.23
  - python >=3.12,<3.13.0a0
  - python >=3.12,<3.13.0a0 *_cpython
  - python_abi 3.12.* *_cp312
  arch: arm64
  platform: osx
  license: BSD-3-Clause
  license_family: BSD
  size: 245787
  timestamp: 1744743658516
- conda: https://conda.anaconda.org/conda-forge/noarch/cycler-0.12.1-pyhd8ed1ab_1.conda
  sha256: 9827efa891e507a91a8a2acf64e210d2aff394e1cde432ad08e1f8c66b12293c
  md5: 44600c4667a319d67dbe0681fc0bc833
  depends:
  - python >=3.9
  license: BSD-3-Clause
  license_family: BSD
  size: 13399
  timestamp: 1733332563512
- conda: https://conda.anaconda.org/conda-forge/osx-arm64/fonttools-4.57.0-py312h998013c_0.conda
  sha256: ff8b4b5b461d7e1e4444aff3cf06f160f6f1b2ab44e4d010de8b128324a125b3
  md5: 657512bc3ceb378aa59a5b5f5d7d1fe4
  depends:
  - __osx >=11.0
  - brotli
  - munkres
  - python >=3.12,<3.13.0a0
  - python >=3.12,<3.13.0a0 *_cpython
  - python_abi 3.12.* *_cp312
  - unicodedata2 >=15.1.0
  arch: arm64
  platform: osx
  license: MIT
  license_family: MIT
  size: 2733512
  timestamp: 1743732533022
- conda: https://conda.anaconda.org/conda-forge/osx-arm64/freetype-2.13.3-hce30654_1.conda
  sha256: 6b63c72ea51a41d41964841404564c0729fdddd3e952e2715839fd759b7cfdfc
  md5: e684de4644067f1956a580097502bf03
  depends:
  - libfreetype 2.13.3 hce30654_1
  - libfreetype6 2.13.3 h1d14073_1
  arch: arm64
  platform: osx
  license: GPL-2.0-only OR FTL
  size: 172220
  timestamp: 1745370149658
- conda: https://conda.anaconda.org/conda-forge/osx-arm64/kiwisolver-1.4.8-py312h2c4a281_0.conda
  sha256: 01366fa9d65bedb4069266d08c8a7a2ebbe6f25cedf60eebeeb701067f162f68
  md5: a94f3ac940c391e7716b6ffd332d7463
  depends:
  - __osx >=11.0
  - libcxx >=18
  - python >=3.12,<3.13.0a0
  - python >=3.12,<3.13.0a0 *_cpython
  - python_abi 3.12.* *_cp312
  arch: arm64
  platform: osx
  license: BSD-3-Clause
  license_family: BSD
  size: 61368
  timestamp: 1736908431125
- conda: https://conda.anaconda.org/conda-forge/osx-arm64/lcms2-2.17-h7eeda09_0.conda
  sha256: 310a62c2f074ebd5aa43b3cd4b00d46385ce680fa2132ecee255a200e2d2f15f
  md5: 92a61fd30b19ebd5c1621a5bfe6d8b5f
  depends:
  - __osx >=11.0
  - libjpeg-turbo >=3.0.0,<4.0a0
  - libtiff >=4.7.0,<4.8.0a0
  arch: arm64
  platform: osx
  license: MIT
  license_family: MIT
  size: 212125
  timestamp: 1739161108467
- conda: https://conda.anaconda.org/conda-forge/osx-arm64/lerc-4.0.0-hd64df32_1.conda
  sha256: 12361697f8ffc9968907d1a7b5830e34c670e4a59b638117a2cdfed8f63a38f8
  md5: a74332d9b60b62905e3d30709df08bf1
  depends:
  - __osx >=11.0
  - libcxx >=18
  arch: arm64
  platform: osx
  license: Apache-2.0
  license_family: Apache
  size: 188306
  timestamp: 1745264362794
- conda: https://conda.anaconda.org/conda-forge/osx-arm64/libblas-3.9.0-31_h10e41b3_openblas.conda
  build_number: 31
  sha256: 369586e7688b59b4f92c709b99d847d66d4d095425db327dd32ee5e6ab74697f
  md5: 39b053da5e7035c6592102280aa7612a
  depends:
  - libopenblas >=0.3.29,<0.3.30.0a0
  - libopenblas >=0.3.29,<1.0a0
  constrains:
  - liblapacke =3.9.0=31*_openblas
  - libcblas =3.9.0=31*_openblas
  - blas =2.131=openblas
  - mkl <2025
  - liblapack =3.9.0=31*_openblas
  arch: arm64
  platform: osx
  license: BSD-3-Clause
  license_family: BSD
  size: 17123
  timestamp: 1740088119350
- conda: https://conda.anaconda.org/conda-forge/osx-arm64/libbrotlicommon-1.1.0-hd74edd7_2.conda
  sha256: 839dacb741bdbb25e58f42088a2001b649f4f12195aeb700b5ddfca3267749e5
  md5: d0bf1dff146b799b319ea0434b93f779
  depends:
  - __osx >=11.0
  arch: arm64
  platform: osx
  license: MIT
  license_family: MIT
  size: 68426
  timestamp: 1725267943211
- conda: https://conda.anaconda.org/conda-forge/osx-arm64/libbrotlidec-1.1.0-hd74edd7_2.conda
  sha256: 6c6862eb274f21a7c0b60e5345467a12e6dda8b9af4438c66d496a2c1a538264
  md5: 55e66e68ce55523a6811633dd1ac74e2
  depends:
  - __osx >=11.0
  - libbrotlicommon 1.1.0 hd74edd7_2
  arch: arm64
  platform: osx
  license: MIT
  license_family: MIT
  size: 28378
  timestamp: 1725267980316
- conda: https://conda.anaconda.org/conda-forge/osx-arm64/libbrotlienc-1.1.0-hd74edd7_2.conda
  sha256: eeb1eb0d58b9d02bc1b98dc0a058f104ab168eb2f7d1c7bfa0570a12cfcdb7b7
  md5: 4f3a434504c67b2c42565c0b85c1885c
  depends:
  - __osx >=11.0
  - libbrotlicommon 1.1.0 hd74edd7_2
  arch: arm64
  platform: osx
  license: MIT
  license_family: MIT
  size: 279644
  timestamp: 1725268003553
- conda: https://conda.anaconda.org/conda-forge/osx-arm64/libcblas-3.9.0-31_hb3479ef_openblas.conda
  build_number: 31
  sha256: f237486cc9118d09d0f3ff8820280de34365f98ee7b7dc5ab923b04c7cbf25a5
  md5: 7353c2bf0e90834cb70545671996d871
  depends:
  - libblas 3.9.0 31_h10e41b3_openblas
  constrains:
  - liblapacke =3.9.0=31*_openblas
  - blas =2.131=openblas
  - liblapack =3.9.0=31*_openblas
  arch: arm64
  platform: osx
  license: BSD-3-Clause
  license_family: BSD
  size: 17032
  timestamp: 1740088127097
- conda: https://conda.anaconda.org/conda-forge/osx-arm64/libcxx-20.1.4-ha82da77_0.conda
  sha256: 1837e2c65f8fc8cfd8b240cfe89406d0ce83112ac63f98c9fb3c9a15b4f2d4e1
  md5: 10c809af502fcdab799082d338170994
  depends:
  - __osx >=11.0
  arch: arm64
  platform: osx
  license: Apache-2.0 WITH LLVM-exception
  license_family: Apache
  size: 565811
  timestamp: 1745991653948
- conda: https://conda.anaconda.org/conda-forge/osx-arm64/libdeflate-1.23-h5773f1b_0.conda
  sha256: ebc06154e9a2085e8c9edf81f8f5196b73a1698e18ac6386c9b43fb426103327
  md5: 4dc332b504166d7f89e4b3b18ab5e6ea
  depends:
  - __osx >=11.0
  arch: arm64
  platform: osx
  license: MIT
  license_family: MIT
  size: 54685
  timestamp: 1745260666631
- conda: https://conda.anaconda.org/conda-forge/osx-arm64/libexpat-2.7.0-h286801f_0.conda
  sha256: ee550e44765a7bbcb2a0216c063dcd53ac914a7be5386dd0554bd06e6be61840
  md5: 6934bbb74380e045741eb8637641a65b
  depends:
  - __osx >=11.0
  constrains:
  - expat 2.7.0.*
  arch: arm64
  platform: osx
  license: MIT
  license_family: MIT
  size: 65714
  timestamp: 1743431789879
- conda: https://conda.anaconda.org/conda-forge/osx-arm64/libffi-3.4.6-h1da3d7d_1.conda
  sha256: c6a530924a9b14e193ea9adfe92843de2a806d1b7dbfd341546ece9653129e60
  md5: c215a60c2935b517dcda8cad4705734d
  depends:
  - __osx >=11.0
  arch: arm64
  platform: osx
  license: MIT
  license_family: MIT
  size: 39839
  timestamp: 1743434670405
- conda: https://conda.anaconda.org/conda-forge/osx-arm64/libfreetype-2.13.3-hce30654_1.conda
  sha256: 1f8c16703fe333cdc2639f7cdaf677ac2120843453222944a7c6c85ec342903c
  md5: d06282e08e55b752627a707d58779b8f
  depends:
  - libfreetype6 >=2.13.3
  arch: arm64
  platform: osx
  license: GPL-2.0-only OR FTL
  size: 7813
  timestamp: 1745370144506
- conda: https://conda.anaconda.org/conda-forge/osx-arm64/libfreetype6-2.13.3-h1d14073_1.conda
  sha256: c278df049b1a071841aa0aca140a338d087ea594e07dcf8a871d2cfe0e330e75
  md5: b163d446c55872ef60530231879908b9
  depends:
  - __osx >=11.0
  - libpng >=1.6.47,<1.7.0a0
  - libzlib >=1.3.1,<2.0a0
  constrains:
  - freetype >=2.13.3
  arch: arm64
  platform: osx
  license: GPL-2.0-only OR FTL
  size: 333529
  timestamp: 1745370142848
- conda: https://conda.anaconda.org/conda-forge/osx-arm64/libgfortran-14.2.0-heb5dd2a_105.conda
  sha256: 6ca48762c330d1cdbdaa450f197ccc16ffb7181af50d112b4ccf390223d916a1
  md5: ad35937216e65cfeecd828979ee5e9e6
  depends:
  - libgfortran5 14.2.0 h2c44a93_105
  arch: arm64
  platform: osx
  license: GPL-3.0-only WITH GCC-exception-3.1
  license_family: GPL
  size: 155474
  timestamp: 1743913530958
- conda: https://conda.anaconda.org/conda-forge/osx-arm64/libgfortran5-14.2.0-h2c44a93_105.conda
  sha256: de09987e1080f71e2285deec45ccb949c2620a672b375029534fbb878e471b22
  md5: 06f35a3b1479ec55036e1c9872f97f2c
  depends:
  - llvm-openmp >=8.0.0
  constrains:
  - libgfortran 14.2.0
  arch: arm64
  platform: osx
  license: GPL-3.0-only WITH GCC-exception-3.1
  license_family: GPL
  size: 806283
  timestamp: 1743913488925
- conda: https://conda.anaconda.org/conda-forge/osx-arm64/libjpeg-turbo-3.1.0-h5505292_0.conda
  sha256: 78df2574fa6aa5b6f5fc367c03192f8ddf8e27dc23641468d54e031ff560b9d4
  md5: 01caa4fbcaf0e6b08b3aef1151e91745
  depends:
  - __osx >=11.0
  constrains:
  - jpeg <0.0.0a
  arch: arm64
  platform: osx
  license: IJG AND BSD-3-Clause AND Zlib
  size: 553624
  timestamp: 1745268405713
- conda: https://conda.anaconda.org/conda-forge/osx-arm64/liblapack-3.9.0-31_hc9a63f6_openblas.conda
  build_number: 31
  sha256: fe55b9aaf82c6c0192c3d1fcc9b8e884f97492dda9a8de5dae29334b3135fab5
  md5: ff57a55a2cbce171ef5707fb463caf19
  depends:
  - libblas 3.9.0 31_h10e41b3_openblas
  constrains:
  - liblapacke =3.9.0=31*_openblas
  - libcblas =3.9.0=31*_openblas
  - blas =2.131=openblas
  arch: arm64
  platform: osx
  license: BSD-3-Clause
  license_family: BSD
  size: 17033
  timestamp: 1740088134988
- conda: https://conda.anaconda.org/conda-forge/osx-arm64/liblzma-5.8.1-h39f12f2_1.conda
  sha256: 5ab62c179229640c34491a7de806ad4ab7bec47ea2b5fc2136e3b8cf5ef26a57
  md5: 4e8ef3d79c97c9021b34d682c24c2044
  depends:
  - __osx >=11.0
  constrains:
  - xz 5.8.1.*
  arch: arm64
  platform: osx
  license: 0BSD
  size: 92218
  timestamp: 1746531818330
- conda: https://conda.anaconda.org/conda-forge/osx-arm64/libopenblas-0.3.29-openmp_hf332438_0.conda
  sha256: 8989d9e01ec8c9b2d48dbb5efbe70b356fcd15990fb53b64fcb84798982c0343
  md5: 0cd1148c68f09027ee0b0f0179f77c30
  depends:
  - __osx >=11.0
  - libgfortran >=5
  - libgfortran5 >=13.2.0
  - llvm-openmp >=18.1.8
  constrains:
  - openblas >=0.3.29,<0.3.30.0a0
  arch: arm64
  platform: osx
  license: BSD-3-Clause
  license_family: BSD
  size: 4168442
  timestamp: 1739825514918
- conda: https://conda.anaconda.org/conda-forge/osx-arm64/libpng-1.6.47-h3783ad8_0.conda
  sha256: dc93cc30f59b28e7812c6f14d2c2e590b509c38092cce7ababe6b23541b7ed8f
  md5: 3550e05e3af94a3fa9cef2694417ccdf
  depends:
  - __osx >=11.0
  - libzlib >=1.3.1,<2.0a0
  arch: arm64
  platform: osx
  license: zlib-acknowledgement
  size: 259332
  timestamp: 1739953032676
- conda: https://conda.anaconda.org/conda-forge/osx-arm64/libsqlite-3.49.1-h3f77e49_2.conda
  sha256: 907a95f73623c343fc14785cbfefcb7a6b4f2bcf9294fcb295c121611c3a590d
  md5: 3b1e330d775170ac46dff9a94c253bd0
  depends:
  - __osx >=11.0
  - libzlib >=1.3.1,<2.0a0
  arch: arm64
  platform: osx
  license: Unlicense
  size: 900188
  timestamp: 1742083865246
- conda: https://conda.anaconda.org/conda-forge/osx-arm64/libtiff-4.7.0-h551f018_4.conda
  sha256: 5d3f7a71b70f0d88470eda8e7b6afe3095d66708a70fb912e79d56fc30b35429
  md5: 717e02c4cca2a760438384d48b7cd1b9
  depends:
  - __osx >=11.0
  - lerc >=4.0.0,<5.0a0
  - libcxx >=18
  - libdeflate >=1.23,<1.24.0a0
  - libjpeg-turbo >=3.1.0,<4.0a0
  - liblzma >=5.8.1,<6.0a0
  - libwebp-base >=1.5.0,<2.0a0
  - libzlib >=1.3.1,<2.0a0
  - zstd >=1.5.7,<1.6.0a0
  arch: arm64
  platform: osx
  license: HPND
  size: 370898
  timestamp: 1745372834516
- conda: https://conda.anaconda.org/conda-forge/osx-arm64/libwebp-base-1.5.0-h2471fea_0.conda
  sha256: f8bdb876b4bc8cb5df47c28af29188de8911c3fea4b799a33743500149de3f4a
  md5: 569466afeb84f90d5bb88c11cc23d746
  depends:
  - __osx >=11.0
  constrains:
  - libwebp 1.5.0
  arch: arm64
  platform: osx
  license: BSD-3-Clause
  license_family: BSD
  size: 290013
  timestamp: 1734777593617
- conda: https://conda.anaconda.org/conda-forge/osx-arm64/libxcb-1.17.0-hdb1d25a_0.conda
  sha256: bd3816218924b1e43b275863e21a3e13a5db4a6da74cca8e60bc3c213eb62f71
  md5: af523aae2eca6dfa1c8eec693f5b9a79
  depends:
  - __osx >=11.0
  - pthread-stubs
  - xorg-libxau >=1.0.11,<2.0a0
  - xorg-libxdmcp
  arch: arm64
  platform: osx
  license: MIT
  license_family: MIT
  size: 323658
  timestamp: 1727278733917
- conda: https://conda.anaconda.org/conda-forge/osx-arm64/libzlib-1.3.1-h8359307_2.conda
  sha256: ce34669eadaba351cd54910743e6a2261b67009624dbc7daeeafdef93616711b
  md5: 369964e85dc26bfe78f41399b366c435
  depends:
  - __osx >=11.0
  constrains:
  - zlib 1.3.1 *_2
  arch: arm64
  platform: osx
  license: Zlib
  license_family: Other
  size: 46438
  timestamp: 1727963202283
- conda: https://conda.anaconda.org/conda-forge/osx-arm64/llvm-openmp-20.1.4-hdb05f8b_0.conda
  sha256: b8e8547116dba85890d7b39bfad1c86ed69a6b923caed1e449c90850d271d4d5
  md5: 00cbae3f2127efef6db76bd423a09807
  depends:
  - __osx >=11.0
  constrains:
  - openmp 20.1.4|20.1.4.*
  arch: arm64
  platform: osx
  license: Apache-2.0 WITH LLVM-exception
  license_family: APACHE
  size: 282599
  timestamp: 1746134861758
- conda: https://conda.anaconda.org/conda-forge/osx-arm64/matplotlib-3.10.1-py312h1f38498_0.conda
  sha256: 17298d95e97185e8ed7ac8466bfd07527a6a17da9561824fe9aa8ebaa92cddae
  md5: 5aa3d52c72f5fd96a947d68d85c460f3
  depends:
  - matplotlib-base >=3.10.1,<3.10.2.0a0
  - python >=3.12,<3.13.0a0
  - python_abi 3.12.* *_cp312
  - tornado >=5
  arch: arm64
  platform: osx
  license: PSF-2.0
  license_family: PSF
  size: 17069
  timestamp: 1740781225746
- conda: https://conda.anaconda.org/conda-forge/osx-arm64/matplotlib-base-3.10.1-py312hdbc7e53_0.conda
  sha256: 45c20d3523cd6581950a804b0522d4d0fc1ed04306c06283156dbf572a48bbb5
  md5: 81e256fa3f734686f049a8cdb930887f
  depends:
  - __osx >=11.0
  - contourpy >=1.0.1
  - cycler >=0.10
  - fonttools >=4.22.0
  - freetype >=2.12.1,<3.0a0
  - kiwisolver >=1.3.1
  - libcxx >=18
  - numpy >=1.19,<3
  - numpy >=1.23
  - packaging >=20.0
  - pillow >=8
  - pyparsing >=2.3.1
  - python >=3.12,<3.13.0a0
  - python >=3.12,<3.13.0a0 *_cpython
  - python-dateutil >=2.7
  - python_abi 3.12.* *_cp312
  - qhull >=2020.2,<2020.3.0a0
  arch: arm64
  platform: osx
  license: PSF-2.0
  license_family: PSF
  size: 8025969
  timestamp: 1740781197157
- conda: https://conda.anaconda.org/conda-forge/noarch/munkres-1.1.4-pyh9f0ad1d_0.tar.bz2
  sha256: f86fb22b58e93d04b6f25e0d811b56797689d598788b59dcb47f59045b568306
  md5: 2ba8498c1018c1e9c61eb99b973dfe19
  depends:
  - python
  license: Apache-2.0
  license_family: Apache
  size: 12452
  timestamp: 1600387789153
- conda: https://conda.anaconda.org/conda-forge/osx-arm64/ncurses-6.5-h5e97a16_3.conda
  sha256: 2827ada40e8d9ca69a153a45f7fd14f32b2ead7045d3bbb5d10964898fe65733
  md5: 068d497125e4bf8a66bf707254fff5ae
  depends:
  - __osx >=11.0
  arch: arm64
  platform: osx
  license: X11 AND BSD-3-Clause
  size: 797030
  timestamp: 1738196177597
- conda: https://conda.anaconda.org/conda-forge/osx-arm64/numpy-2.2.5-py312h7c1f314_0.conda
  sha256: 982aed7df71ae0ca8bc396ae25d43fd9a4f2b15d18faca15d6c27e9efb3955be
  md5: 24a41dacf9d624b069d54a6e92594540
  depends:
  - __osx >=11.0
  - libblas >=3.9.0,<4.0a0
  - libcblas >=3.9.0,<4.0a0
  - libcxx >=18
  - liblapack >=3.9.0,<4.0a0
  - python >=3.12,<3.13.0a0
  - python >=3.12,<3.13.0a0 *_cpython
  - python_abi 3.12.* *_cp312
  constrains:
  - numpy-base <0a0
  arch: arm64
  platform: osx
  license: BSD-3-Clause
  license_family: BSD
  size: 6498553
  timestamp: 1745119367238
- conda: https://conda.anaconda.org/conda-forge/osx-arm64/openjpeg-2.5.3-h8a3d83b_0.conda
  sha256: 1d59bc72ca7faac06d349c1a280f5cfb8a57ee5896f1e24225a997189d7418c7
  md5: 4b71d78648dbcf68ce8bf22bb07ff838
  depends:
  - __osx >=11.0
  - libcxx >=18
  - libpng >=1.6.44,<1.7.0a0
  - libtiff >=4.7.0,<4.8.0a0
  - libzlib >=1.3.1,<2.0a0
  arch: arm64
  platform: osx
  license: BSD-2-Clause
  license_family: BSD
  size: 319362
  timestamp: 1733816781741
- conda: https://conda.anaconda.org/conda-forge/osx-arm64/openssl-3.5.0-h81ee809_1.conda
  sha256: 73d366c1597a10bcd5f3604b5f0734b31c23225536e03782c6a13f9be9d01bff
  md5: 5c7aef00ef60738a14e0e612cfc5bcde
  depends:
  - __osx >=11.0
  - ca-certificates
  arch: arm64
  platform: osx
  license: Apache-2.0
  license_family: Apache
  size: 3064197
  timestamp: 1746223530698
- conda: https://conda.anaconda.org/conda-forge/noarch/packaging-25.0-pyh29332c3_1.conda
  sha256: 289861ed0c13a15d7bbb408796af4de72c2fe67e2bcb0de98f4c3fce259d7991
  md5: 58335b26c38bf4a20f399384c33cbcf9
  depends:
  - python >=3.8
  - python
  license: Apache-2.0
  license_family: APACHE
  size: 62477
  timestamp: 1745345660407
- conda: https://conda.anaconda.org/conda-forge/osx-arm64/pillow-11.1.0-py312h50aef2c_0.conda
  sha256: b29b7c915053e06a7a5b4118760202c572c9c35d23bd6ce8e73270b6a50e50ee
  md5: 94d6ba8cd468668a9fb04193b0f4b36e
  depends:
  - __osx >=11.0
  - freetype >=2.12.1,<3.0a0
  - lcms2 >=2.16,<3.0a0
  - libjpeg-turbo >=3.0.0,<4.0a0
  - libtiff >=4.7.0,<4.8.0a0
  - libwebp-base >=1.5.0,<2.0a0
  - libxcb >=1.17.0,<2.0a0
  - libzlib >=1.3.1,<2.0a0
  - openjpeg >=2.5.3,<3.0a0
  - python >=3.12,<3.13.0a0
  - python >=3.12,<3.13.0a0 *_cpython
  - python_abi 3.12.* *_cp312
  - tk >=8.6.13,<8.7.0a0
  arch: arm64
  platform: osx
  license: HPND
  size: 42852329
  timestamp: 1735930118976
- conda: https://conda.anaconda.org/conda-forge/osx-arm64/pthread-stubs-0.4-hd74edd7_1002.conda
  sha256: 8ed65e17fbb0ca944bfb8093b60086e3f9dd678c3448b5de212017394c247ee3
  md5: 415816daf82e0b23a736a069a75e9da7
  depends:
  - __osx >=11.0
  arch: arm64
  platform: osx
  license: MIT
  license_family: MIT
  size: 8381
  timestamp: 1726802424786
- conda: https://conda.anaconda.org/conda-forge/noarch/pyparsing-3.2.3-pyhd8ed1ab_1.conda
  sha256: b92afb79b52fcf395fd220b29e0dd3297610f2059afac45298d44e00fcbf23b6
  md5: 513d3c262ee49b54a8fec85c5bc99764
  depends:
  - python >=3.9
  license: MIT
  license_family: MIT
  size: 95988
  timestamp: 1743089832359
- conda: https://conda.anaconda.org/conda-forge/osx-arm64/python-3.12.10-hc22306f_0_cpython.conda
  sha256: 69aed911271e3f698182e9a911250b05bdf691148b670a23e0bea020031e298e
  md5: c88f1a7e1e7b917d9c139f03b0960fea
  depends:
  - __osx >=11.0
  - bzip2 >=1.0.8,<2.0a0
  - libexpat >=2.7.0,<3.0a0
  - libffi >=3.4.6,<3.5.0a0
  - liblzma >=5.8.1,<6.0a0
  - libsqlite >=3.49.1,<4.0a0
  - libzlib >=1.3.1,<2.0a0
  - ncurses >=6.5,<7.0a0
  - openssl >=3.5.0,<4.0a0
  - readline >=8.2,<9.0a0
  - tk >=8.6.13,<8.7.0a0
  - tzdata
  constrains:
  - python_abi 3.12.* *_cp312
  arch: arm64
  platform: osx
  license: Python-2.0
  size: 12932743
  timestamp: 1744323815320
- conda: https://conda.anaconda.org/conda-forge/noarch/python-dateutil-2.9.0.post0-pyhff2d567_1.conda
  sha256: a50052536f1ef8516ed11a844f9413661829aa083304dc624c5925298d078d79
  md5: 5ba79d7c71f03c678c8ead841f347d6e
  depends:
  - python >=3.9
  - six >=1.5
  license: Apache-2.0
  license_family: APACHE
  size: 222505
  timestamp: 1733215763718
- conda: https://conda.anaconda.org/conda-forge/noarch/python_abi-3.12-7_cp312.conda
  build_number: 7
  sha256: a1bbced35e0df66cc713105344263570e835625c28d1bdee8f748f482b2d7793
  md5: 0dfcdc155cf23812a0c9deada86fb723
  constrains:
  - python 3.12.* *_cpython
  license: BSD-3-Clause
  license_family: BSD
  size: 6971
  timestamp: 1745258861359
- conda: https://conda.anaconda.org/conda-forge/osx-arm64/qhull-2020.2-h420ef59_5.conda
  sha256: 873ac689484262a51fd79bc6103c1a1bedbf524924d7f0088fb80703042805e4
  md5: 6483b1f59526e05d7d894e466b5b6924
  depends:
  - __osx >=11.0
  - libcxx >=16
  arch: arm64
  platform: osx
  license: LicenseRef-Qhull
  size: 516376
  timestamp: 1720814307311
- conda: https://conda.anaconda.org/conda-forge/osx-arm64/readline-8.2-h1d1bf99_2.conda
  sha256: 7db04684d3904f6151eff8673270922d31da1eea7fa73254d01c437f49702e34
  md5: 63ef3f6e6d6d5c589e64f11263dc5676
  depends:
  - ncurses >=6.5,<7.0a0
  arch: arm64
  platform: osx
  license: GPL-3.0-only
  license_family: GPL
  size: 252359
  timestamp: 1740379663071
- conda: https://conda.anaconda.org/conda-forge/noarch/six-1.17.0-pyhd8ed1ab_0.conda
  sha256: 41db0180680cc67c3fa76544ffd48d6a5679d96f4b71d7498a759e94edc9a2db
  md5: a451d576819089b0d672f18768be0f65
  depends:
  - python >=3.9
  license: MIT
  license_family: MIT
  size: 16385
  timestamp: 1733381032766
- conda: https://conda.anaconda.org/conda-forge/osx-arm64/tk-8.6.13-h5083fa2_1.conda
  sha256: 72457ad031b4c048e5891f3f6cb27a53cb479db68a52d965f796910e71a403a8
  md5: b50a57ba89c32b62428b71a875291c9b
  depends:
  - libzlib >=1.2.13,<2.0.0a0
  arch: arm64
  platform: osx
  license: TCL
  license_family: BSD
  size: 3145523
  timestamp: 1699202432999
- conda: https://conda.anaconda.org/conda-forge/osx-arm64/tornado-6.4.2-py312hea69d52_0.conda
  sha256: 964a2705a36c50040c967b18b45b9cc8de3c2aff4af546979a574e0b38e58e39
  md5: fb0605888a475d6a380ae1d1a819d976
  depends:
  - __osx >=11.0
  - python >=3.12,<3.13.0a0
  - python >=3.12,<3.13.0a0 *_cpython
  - python_abi 3.12.* *_cp312
  arch: arm64
  platform: osx
  license: Apache-2.0
  license_family: Apache
  size: 842549
  timestamp: 1732616081362
- conda: https://conda.anaconda.org/conda-forge/noarch/tzdata-2025b-h78e105d_0.conda
  sha256: 5aaa366385d716557e365f0a4e9c3fca43ba196872abbbe3d56bb610d131e192
  md5: 4222072737ccff51314b5ece9c7d6f5a
  license: LicenseRef-Public-Domain
  size: 122968
  timestamp: 1742727099393
- conda: https://conda.anaconda.org/conda-forge/osx-arm64/unicodedata2-16.0.0-py312hea69d52_0.conda
  sha256: c6ca9ea11eecc650df4bce4b3daa843821def6d753eeab6d81de35bb43f9d984
  md5: 9a835052506b91ea8f0d8e352cd12246
  depends:
  - __osx >=11.0
  - python >=3.12,<3.13.0a0
  - python >=3.12,<3.13.0a0 *_cpython
  - python_abi 3.12.* *_cp312
  arch: arm64
  platform: osx
  license: Apache-2.0
  license_family: Apache
  size: 409745
  timestamp: 1736692768349
- conda: https://conda.anaconda.org/conda-forge/osx-arm64/xorg-libxau-1.0.12-h5505292_0.conda
  sha256: f33e6f013fc36ebc200f09ddead83468544cb5c353a3b50499b07b8c34e28a8d
  md5: 50901e0764b7701d8ed7343496f4f301
  depends:
  - __osx >=11.0
  arch: arm64
  platform: osx
  license: MIT
  license_family: MIT
  size: 13593
  timestamp: 1734229104321
- conda: https://conda.anaconda.org/conda-forge/osx-arm64/xorg-libxdmcp-1.1.5-hd74edd7_0.conda
  sha256: 9939a166d780700d81023546759102b33fdc2c5f11ef09f5f66c77210fd334c8
  md5: 77c447f48cab5d3a15ac224edb86a968
  depends:
  - __osx >=11.0
  arch: arm64
  platform: osx
  license: MIT
  license_family: MIT
  size: 18487
  timestamp: 1727795205022
- conda: https://conda.anaconda.org/conda-forge/osx-arm64/zstd-1.5.7-h6491c7d_2.conda
  sha256: 0d02046f57f7a1a3feae3e9d1aa2113788311f3cf37a3244c71e61a93177ba67
  md5: e6f69c7bcccdefa417f056fa593b40f0
  depends:
  - __osx >=11.0
  - libzlib >=1.3.1,<2.0a0
  arch: arm64
  platform: osx
  license: BSD-3-Clause
  license_family: BSD
  size: 399979
  timestamp: 1742433432699
